
Microsoft Visual Studio Solution File, Format Version 12.00
# Visual Studio Version 17
VisualStudioVersion = 17.14.36127.28 d17.14
MinimumVisualStudioVersion = 10.0.40219.1
Project("{FAE04EC0-301F-11D3-BF4B-00C04F79EFBC}") = "Pet_Store_Back_API", "Pet_Store_Back_API\Pet_Store_Back_API.csproj", "{4E9EC8BB-FA7B-4770-BE49-C656974D025A}"
EndProject
Global
	GlobalSection(SolutionConfigurationPlatforms) = preSolution
		Debug|Any CPU = Debug|Any CPU
		Release|Any CPU = Release|Any CPU
	EndGlobalSection
	GlobalSection(ProjectConfigurationPlatforms) = postSolution
		{4E9EC8BB-FA7B-4770-BE49-C656974D025A}.Debug|Any CPU.ActiveCfg = Debug|Any CPU
		{4E9EC8BB-FA7B-4770-BE49-C656974D025A}.Debug|Any CPU.Build.0 = Debug|Any CPU
		{4E9EC8BB-FA7B-4770-BE49-C656974D025A}.Release|Any CPU.ActiveCfg = Release|Any CPU
		{4E9EC8BB-FA7B-4770-BE49-C656974D025A}.Release|Any CPU.Build.0 = Release|Any CPU
	EndGlobalSection
	GlobalSection(SolutionProperties) = preSolution
		HideSolutionNode = FALSE
	EndGlobalSection
	GlobalSection(ExtensibilityGlobals) = postSolution
		SolutionGuid = {B580B0A1-A841-4F4D-AAA1-9BE2C17D2F8D}
	EndGlobalSection
EndGlobal
